
Microsoft Visual Studio Solution File, Format Version 12.00
# Visual Studio 15
VisualStudioVersion = 15.0.26730.16
MinimumVisualStudioVersion = 10.0.40219.1
Project("{2150E333-8FDC-42A3-9474-1A3956D46DE8}") = "Engine", "Engine", "{AFB56D89-F4A5-4520-B8EF-07E2C87A5DFE}"
EndProject
Project("{2150E333-8FDC-42A3-9474-1A3956D46DE8}") = "Games", "Games", "{8DC730E5-C5A6-4287-8ED7-B18295ED22EA}"
EndProject
Project("{8BC9CEB8-8B4A-11D0-8D11-00A0C91BC942}") = "UE4", "Intermediate\ProjectFiles\UE4.vcxproj", "{7F5E1CE1-22F7-49DB-928C-24F9F4FF3983}"
EndProject
Project("{8BC9CEB8-8B4A-11D0-8D11-00A0C91BC942}") = "BuildingEscape", "Intermediate\ProjectFiles\BuildingEscape.vcxproj", "{386FB0DC-51F4-43B0-A815-A6A0453B0F58}"
EndProject
Global
	GlobalSection(SolutionConfigurationPlatforms) = preSolution
		DebugGame Editor|HTML5 = DebugGame Editor|HTML5
		DebugGame Editor|IOS = DebugGame Editor|IOS
		DebugGame Editor|Win32 = DebugGame Editor|Win32
		DebugGame Editor|Win64 = DebugGame Editor|Win64
		DebugGame|HTML5 = DebugGame|HTML5
		DebugGame|IOS = DebugGame|IOS
		DebugGame|Win32 = DebugGame|Win32
		DebugGame|Win64 = DebugGame|Win64
		Development Editor|HTML5 = Development Editor|HTML5
		Development Editor|IOS = Development Editor|IOS
		Development Editor|Win32 = Development Editor|Win32
		Development Editor|Win64 = Development Editor|Win64
		Development|HTML5 = Development|HTML5
		Development|IOS = Development|IOS
		Development|Win32 = Development|Win32
		Development|Win64 = Development|Win64
		Shipping|HTML5 = Shipping|HTML5
		Shipping|IOS = Shipping|IOS
		Shipping|Win32 = Shipping|Win32
		Shipping|Win64 = Shipping|Win64
	EndGlobalSection
	GlobalSection(ProjectConfigurationPlatforms) = postSolution
		{7F5E1CE1-22F7-49DB-928C-24F9F4FF3983}.DebugGame Editor|HTML5.ActiveCfg = BuiltWithUnrealBuildTool|Win32
		{7F5E1CE1-22F7-49DB-928C-24F9F4FF3983}.DebugGame Editor|HTML5.Build.0 = BuiltWithUnrealBuildTool|Win32
		{7F5E1CE1-22F7-49DB-928C-24F9F4FF3983}.DebugGame Editor|IOS.ActiveCfg = BuiltWithUnrealBuildTool|Win32
		{7F5E1CE1-22F7-49DB-928C-24F9F4FF3983}.DebugGame Editor|IOS.Build.0 = BuiltWithUnrealBuildTool|Win32
		{7F5E1CE1-22F7-49DB-928C-24F9F4FF3983}.DebugGame Editor|Win32.ActiveCfg = BuiltWithUnrealBuildTool|Win32
		{7F5E1CE1-22F7-49DB-928C-24F9F4FF3983}.DebugGame Editor|Win32.Build.0 = BuiltWithUnrealBuildTool|Win32
		{7F5E1CE1-22F7-49DB-928C-24F9F4FF3983}.DebugGame Editor|Win64.ActiveCfg = BuiltWithUnrealBuildTool|Win32
		{7F5E1CE1-22F7-49DB-928C-24F9F4FF3983}.DebugGame Editor|Win64.Build.0 = BuiltWithUnrealBuildTool|Win32
		{7F5E1CE1-22F7-49DB-928C-24F9F4FF3983}.DebugGame|HTML5.ActiveCfg = BuiltWithUnrealBuildTool|Win32
		{7F5E1CE1-22F7-49DB-928C-24F9F4FF3983}.DebugGame|HTML5.Build.0 = BuiltWithUnrealBuildTool|Win32
		{7F5E1CE1-22F7-49DB-928C-24F9F4FF3983}.DebugGame|IOS.ActiveCfg = BuiltWithUnrealBuildTool|Win32
		{7F5E1CE1-22F7-49DB-928C-24F9F4FF3983}.DebugGame|IOS.Build.0 = BuiltWithUnrealBuildTool|Win32
		{7F5E1CE1-22F7-49DB-928C-24F9F4FF3983}.DebugGame|Win32.ActiveCfg = BuiltWithUnrealBuildTool|Win32
		{7F5E1CE1-22F7-49DB-928C-24F9F4FF3983}.DebugGame|Win32.Build.0 = BuiltWithUnrealBuildTool|Win32
		{7F5E1CE1-22F7-49DB-928C-24F9F4FF3983}.DebugGame|Win64.ActiveCfg = BuiltWithUnrealBuildTool|Win32
		{7F5E1CE1-22F7-49DB-928C-24F9F4FF3983}.DebugGame|Win64.Build.0 = BuiltWithUnrealBuildTool|Win32
		{7F5E1CE1-22F7-49DB-928C-24F9F4FF3983}.Development Editor|HTML5.ActiveCfg = BuiltWithUnrealBuildTool|Win32
		{7F5E1CE1-22F7-49DB-928C-24F9F4FF3983}.Development Editor|HTML5.Build.0 = BuiltWithUnrealBuildTool|Win32
		{7F5E1CE1-22F7-49DB-928C-24F9F4FF3983}.Development Editor|IOS.ActiveCfg = BuiltWithUnrealBuildTool|Win32
		{7F5E1CE1-22F7-49DB-928C-24F9F4FF3983}.Development Editor|IOS.Build.0 = BuiltWithUnrealBuildTool|Win32
		{7F5E1CE1-22F7-49DB-928C-24F9F4FF3983}.Development Editor|Win32.ActiveCfg = BuiltWithUnrealBuildTool|Win32
		{7F5E1CE1-22F7-49DB-928C-24F9F4FF3983}.Development Editor|Win32.Build.0 = BuiltWithUnrealBuildTool|Win32
		{7F5E1CE1-22F7-49DB-928C-24F9F4FF3983}.Development Editor|Win64.ActiveCfg = BuiltWithUnrealBuildTool|Win32
		{7F5E1CE1-22F7-49DB-928C-24F9F4FF3983}.Development Editor|Win64.Build.0 = BuiltWithUnrealBuildTool|Win32
		{7F5E1CE1-22F7-49DB-928C-24F9F4FF3983}.Development|HTML5.ActiveCfg = BuiltWithUnrealBuildTool|Win32
		{7F5E1CE1-22F7-49DB-928C-24F9F4FF3983}.Development|HTML5.Build.0 = BuiltWithUnrealBuildTool|Win32
		{7F5E1CE1-22F7-49DB-928C-24F9F4FF3983}.Development|IOS.ActiveCfg = BuiltWithUnrealBuildTool|Win32
		{7F5E1CE1-22F7-49DB-928C-24F9F4FF3983}.Development|IOS.Build.0 = BuiltWithUnrealBuildTool|Win32
		{7F5E1CE1-22F7-49DB-928C-24F9F4FF3983}.Development|Win32.ActiveCfg = BuiltWithUnrealBuildTool|Win32
		{7F5E1CE1-22F7-49DB-928C-24F9F4FF3983}.Development|Win32.Build.0 = BuiltWithUnrealBuildTool|Win32
		{7F5E1CE1-22F7-49DB-928C-24F9F4FF3983}.Development|Win64.ActiveCfg = BuiltWithUnrealBuildTool|Win32
		{7F5E1CE1-22F7-49DB-928C-24F9F4FF3983}.Development|Win64.Build.0 = BuiltWithUnrealBuildTool|Win32
		{7F5E1CE1-22F7-49DB-928C-24F9F4FF3983}.Shipping|HTML5.ActiveCfg = BuiltWithUnrealBuildTool|Win32
		{7F5E1CE1-22F7-49DB-928C-24F9F4FF3983}.Shipping|HTML5.Build.0 = BuiltWithUnrealBuildTool|Win32
		{7F5E1CE1-22F7-49DB-928C-24F9F4FF3983}.Shipping|IOS.ActiveCfg = BuiltWithUnrealBuildTool|Win32
		{7F5E1CE1-22F7-49DB-928C-24F9F4FF3983}.Shipping|IOS.Build.0 = BuiltWithUnrealBuildTool|Win32
		{7F5E1CE1-22F7-49DB-928C-24F9F4FF3983}.Shipping|Win32.ActiveCfg = BuiltWithUnrealBuildTool|Win32
		{7F5E1CE1-22F7-49DB-928C-24F9F4FF3983}.Shipping|Win32.Build.0 = BuiltWithUnrealBuildTool|Win32
		{7F5E1CE1-22F7-49DB-928C-24F9F4FF3983}.Shipping|Win64.ActiveCfg = BuiltWithUnrealBuildTool|Win32
		{7F5E1CE1-22F7-49DB-928C-24F9F4FF3983}.Shipping|Win64.Build.0 = BuiltWithUnrealBuildTool|Win32
		{386FB0DC-51F4-43B0-A815-A6A0453B0F58}.DebugGame Editor|HTML5.ActiveCfg = HTML5_DebugGame_Editor|Win32
		{386FB0DC-51F4-43B0-A815-A6A0453B0F58}.DebugGame Editor|IOS.ActiveCfg = IOS_DebugGame_Editor|Win32
		{386FB0DC-51F4-43B0-A815-A6A0453B0F58}.DebugGame Editor|Win32.ActiveCfg = DebugGame_Editor|Win32
		{386FB0DC-51F4-43B0-A815-A6A0453B0F58}.DebugGame Editor|Win64.ActiveCfg = DebugGame_Editor|x64
		{386FB0DC-51F4-43B0-A815-A6A0453B0F58}.DebugGame Editor|Win64.Build.0 = DebugGame_Editor|x64
		{386FB0DC-51F4-43B0-A815-A6A0453B0F58}.DebugGame|HTML5.ActiveCfg = HTML5_DebugGame_Game|Win32
		{386FB0DC-51F4-43B0-A815-A6A0453B0F58}.DebugGame|HTML5.Build.0 = HTML5_DebugGame_Game|Win32
		{386FB0DC-51F4-43B0-A815-A6A0453B0F58}.DebugGame|IOS.ActiveCfg = IOS_DebugGame_Game|Win32
		{386FB0DC-51F4-43B0-A815-A6A0453B0F58}.DebugGame|IOS.Build.0 = IOS_DebugGame_Game|Win32
		{386FB0DC-51F4-43B0-A815-A6A0453B0F58}.DebugGame|Win32.ActiveCfg = DebugGame_Game|Win32
		{386FB0DC-51F4-43B0-A815-A6A0453B0F58}.DebugGame|Win32.Build.0 = DebugGame_Game|Win32
		{386FB0DC-51F4-43B0-A815-A6A0453B0F58}.DebugGame|Win64.ActiveCfg = DebugGame_Game|x64
		{386FB0DC-51F4-43B0-A815-A6A0453B0F58}.DebugGame|Win64.Build.0 = DebugGame_Game|x64
		{386FB0DC-51F4-43B0-A815-A6A0453B0F58}.Development Editor|HTML5.ActiveCfg = HTML5_Development_Editor|Win32
		{386FB0DC-51F4-43B0-A815-A6A0453B0F58}.Development Editor|IOS.ActiveCfg = IOS_Development_Editor|Win32
		{386FB0DC-51F4-43B0-A815-A6A0453B0F58}.Development Editor|Win32.ActiveCfg = Development_Editor|Win32
		{386FB0DC-51F4-43B0-A815-A6A0453B0F58}.Development Editor|Win64.ActiveCfg = Development_Editor|x64
		{386FB0DC-51F4-43B0-A815-A6A0453B0F58}.Development Editor|Win64.Build.0 = Development_Editor|x64
		{386FB0DC-51F4-43B0-A815-A6A0453B0F58}.Development|HTML5.ActiveCfg = HTML5_Development_Game|Win32
		{386FB0DC-51F4-43B0-A815-A6A0453B0F58}.Development|HTML5.Build.0 = HTML5_Development_Game|Win32
		{386FB0DC-51F4-43B0-A815-A6A0453B0F58}.Development|IOS.ActiveCfg = IOS_Development_Game|Win32
		{386FB0DC-51F4-43B0-A815-A6A0453B0F58}.Development|IOS.Build.0 = IOS_Development_Game|Win32
		{386FB0DC-51F4-43B0-A815-A6A0453B0F58}.Development|Win32.ActiveCfg = Development_Game|Win32
		{386FB0DC-51F4-43B0-A815-A6A0453B0F58}.Development|Win32.Build.0 = Development_Game|Win32
		{386FB0DC-51F4-43B0-A815-A6A0453B0F58}.Development|Win64.ActiveCfg = Development_Game|x64
		{386FB0DC-51F4-43B0-A815-A6A0453B0F58}.Development|Win64.Build.0 = Development_Game|x64
		{386FB0DC-51F4-43B0-A815-A6A0453B0F58}.Shipping|HTML5.ActiveCfg = HTML5_Shipping_Game|Win32
		{386FB0DC-51F4-43B0-A815-A6A0453B0F58}.Shipping|HTML5.Build.0 = HTML5_Shipping_Game|Win32
		{386FB0DC-51F4-43B0-A815-A6A0453B0F58}.Shipping|IOS.ActiveCfg = IOS_Shipping_Game|Win32
		{386FB0DC-51F4-43B0-A815-A6A0453B0F58}.Shipping|IOS.Build.0 = IOS_Shipping_Game|Win32
		{386FB0DC-51F4-43B0-A815-A6A0453B0F58}.Shipping|Win32.ActiveCfg = Shipping_Game|Win32
		{386FB0DC-51F4-43B0-A815-A6A0453B0F58}.Shipping|Win32.Build.0 = Shipping_Game|Win32
		{386FB0DC-51F4-43B0-A815-A6A0453B0F58}.Shipping|Win64.ActiveCfg = Shipping_Game|x64
		{386FB0DC-51F4-43B0-A815-A6A0453B0F58}.Shipping|Win64.Build.0 = Shipping_Game|x64
	EndGlobalSection
	GlobalSection(SolutionProperties) = preSolution
		HideSolutionNode = FALSE
	EndGlobalSection
	GlobalSection(NestedProjects) = preSolution
		{7F5E1CE1-22F7-49DB-928C-24F9F4FF3983} = {AFB56D89-F4A5-4520-B8EF-07E2C87A5DFE}
		{386FB0DC-51F4-43B0-A815-A6A0453B0F58} = {8DC730E5-C5A6-4287-8ED7-B18295ED22EA}
	EndGlobalSection
	GlobalSection(ExtensibilityGlobals) = postSolution
		SolutionGuid = {08B063FA-694D-4376-AA0A-8D1514955395}
	EndGlobalSection
EndGlobal
